
Microsoft Visual Studio Solution File, Format Version 12.00
# Visual Studio Version 17
VisualStudioVersion = 17.2.32616.157
MinimumVisualStudioVersion = 10.0.40219.1
Project("{FAE04EC0-301F-11D3-BF4B-00C04F79EFBC}") = "Usuarios", "Usuarios\Usuarios.csproj", "{9975FE2D-1CC0-4824-8007-80E076120777}"
EndProject
Global
	GlobalSection(SolutionConfigurationPlatforms) = preSolution
		Debug|Any CPU = Debug|Any CPU
		Release|Any CPU = Release|Any CPU
	EndGlobalSection
	GlobalSection(ProjectConfigurationPlatforms) = postSolution
		{9975FE2D-1CC0-4824-8007-80E076120777}.Debug|Any CPU.ActiveCfg = Debug|Any CPU
		{9975FE2D-1CC0-4824-8007-80E076120777}.Debug|Any CPU.Build.0 = Debug|Any CPU
		{9975FE2D-1CC0-4824-8007-80E076120777}.Release|Any CPU.ActiveCfg = Release|Any CPU
		{9975FE2D-1CC0-4824-8007-80E076120777}.Release|Any CPU.Build.0 = Release|Any CPU
	EndGlobalSection
	GlobalSection(SolutionProperties) = preSolution
		HideSolutionNode = FALSE
	EndGlobalSection
	GlobalSection(ExtensibilityGlobals) = postSolution
		SolutionGuid = {23800C12-83CB-476B-B167-9E4DD57B5B62}
	EndGlobalSection
EndGlobal
